
Microsoft Visual Studio Solution File, Format Version 12.00
# Visual Studio 15
VisualStudioVersion = 15.0.28307.168
MinimumVisualStudioVersion = 10.0.40219.1
Project("{FAE04EC0-301F-11D3-BF4B-00C04F79EFBC}") = "week 5", "week 5\week 5.csproj", "{071A03A1-C51D-4BF3-84EA-99B53BB73694}"
EndProject
Global
	GlobalSection(SolutionConfigurationPlatforms) = preSolution
		Debug|Any CPU = Debug|Any CPU
		Release|Any CPU = Release|Any CPU
	EndGlobalSection
	GlobalSection(ProjectConfigurationPlatforms) = postSolution
		{071A03A1-C51D-4BF3-84EA-99B53BB73694}.Debug|Any CPU.ActiveCfg = Debug|Any CPU
		{071A03A1-C51D-4BF3-84EA-99B53BB73694}.Debug|Any CPU.Build.0 = Debug|Any CPU
		{071A03A1-C51D-4BF3-84EA-99B53BB73694}.Release|Any CPU.ActiveCfg = Release|Any CPU
		{071A03A1-C51D-4BF3-84EA-99B53BB73694}.Release|Any CPU.Build.0 = Release|Any CPU
	EndGlobalSection
	GlobalSection(SolutionProperties) = preSolution
		HideSolutionNode = FALSE
	EndGlobalSection
	GlobalSection(ExtensibilityGlobals) = postSolution
		SolutionGuid = {921695D6-81EB-4E1C-BBF9-6FE6DB0846D6}
	EndGlobalSection
EndGlobal
